
Microsoft Visual Studio Solution File, Format Version 12.00
# Visual Studio Version 17
VisualStudioVersion = 17.0.32112.339
MinimumVisualStudioVersion = 10.0.40219.1
Project("{FAE04EC0-301F-11D3-BF4B-00C04F79EFBC}") = "HRMSEntitiesLib", "HRMSEntitiesLib\HRMSEntitiesLib.csproj", "{6D90BA9B-0E3E-4ACA-BCE1-7C9282999DBD}"
EndProject
Project("{FAE04EC0-301F-11D3-BF4B-00C04F79EFBC}") = "HRMSDataAccessLib", "HRMSDataAccessLib\HRMSDataAccessLib.csproj", "{4216B29B-932C-41C7-A3E9-284D6F96CB6A}"
EndProject
Project("{FAE04EC0-301F-11D3-BF4B-00C04F79EFBC}") = "HRMSBusinessLib", "HRMSBusinessLib\HRMSBusinessLib.csproj", "{4DF8A37E-A8A3-48D8-9550-A4401037182C}"
EndProject
Project("{FAE04EC0-301F-11D3-BF4B-00C04F79EFBC}") = "HRMSConsoleUIApp", "HRMSConsoleUIApp\HRMSConsoleUIApp.csproj", "{4F2BF6D7-310B-4183-AD3F-0529AF6FD172}"
EndProject
Global
	GlobalSection(SolutionConfigurationPlatforms) = preSolution
		Debug|Any CPU = Debug|Any CPU
		Release|Any CPU = Release|Any CPU
	EndGlobalSection
	GlobalSection(ProjectConfigurationPlatforms) = postSolution
		{6D90BA9B-0E3E-4ACA-BCE1-7C9282999DBD}.Debug|Any CPU.ActiveCfg = Debug|Any CPU
		{6D90BA9B-0E3E-4ACA-BCE1-7C9282999DBD}.Debug|Any CPU.Build.0 = Debug|Any CPU
		{6D90BA9B-0E3E-4ACA-BCE1-7C9282999DBD}.Release|Any CPU.ActiveCfg = Release|Any CPU
		{6D90BA9B-0E3E-4ACA-BCE1-7C9282999DBD}.Release|Any CPU.Build.0 = Release|Any CPU
		{4216B29B-932C-41C7-A3E9-284D6F96CB6A}.Debug|Any CPU.ActiveCfg = Debug|Any CPU
		{4216B29B-932C-41C7-A3E9-284D6F96CB6A}.Debug|Any CPU.Build.0 = Debug|Any CPU
		{4216B29B-932C-41C7-A3E9-284D6F96CB6A}.Release|Any CPU.ActiveCfg = Release|Any CPU
		{4216B29B-932C-41C7-A3E9-284D6F96CB6A}.Release|Any CPU.Build.0 = Release|Any CPU
		{4DF8A37E-A8A3-48D8-9550-A4401037182C}.Debug|Any CPU.ActiveCfg = Debug|Any CPU
		{4DF8A37E-A8A3-48D8-9550-A4401037182C}.Debug|Any CPU.Build.0 = Debug|Any CPU
		{4DF8A37E-A8A3-48D8-9550-A4401037182C}.Release|Any CPU.ActiveCfg = Release|Any CPU
		{4DF8A37E-A8A3-48D8-9550-A4401037182C}.Release|Any CPU.Build.0 = Release|Any CPU
		{4F2BF6D7-310B-4183-AD3F-0529AF6FD172}.Debug|Any CPU.ActiveCfg = Debug|Any CPU
		{4F2BF6D7-310B-4183-AD3F-0529AF6FD172}.Debug|Any CPU.Build.0 = Debug|Any CPU
		{4F2BF6D7-310B-4183-AD3F-0529AF6FD172}.Release|Any CPU.ActiveCfg = Release|Any CPU
		{4F2BF6D7-310B-4183-AD3F-0529AF6FD172}.Release|Any CPU.Build.0 = Release|Any CPU
	EndGlobalSection
	GlobalSection(SolutionProperties) = preSolution
		HideSolutionNode = FALSE
	EndGlobalSection
	GlobalSection(ExtensibilityGlobals) = postSolution
		SolutionGuid = {5622E9FF-2412-4042-BCCD-E2318115FDD8}
	EndGlobalSection
EndGlobal
